
Microsoft Visual Studio Solution File, Format Version 12.00
# Visual Studio Version 17
VisualStudioVersion = 17.0.31903.59
MinimumVisualStudioVersion = 10.0.40219.1
Project("{FAE04EC0-301F-11D3-BF4B-00C04F79EFBC}") = "F2021A6MH", "F2021A6MH\F2021A6MH.csproj", "{33CFA3B9-87DD-403D-A5C3-0FC68C390AEB}"
EndProject
Global
	GlobalSection(SolutionConfigurationPlatforms) = preSolution
		Debug|Any CPU = Debug|Any CPU
		Release|Any CPU = Release|Any CPU
	EndGlobalSection
	GlobalSection(ProjectConfigurationPlatforms) = postSolution
		{33CFA3B9-87DD-403D-A5C3-0FC68C390AEB}.Debug|Any CPU.ActiveCfg = Debug|Any CPU
		{33CFA3B9-87DD-403D-A5C3-0FC68C390AEB}.Debug|Any CPU.Build.0 = Debug|Any CPU
		{33CFA3B9-87DD-403D-A5C3-0FC68C390AEB}.Release|Any CPU.ActiveCfg = Release|Any CPU
		{33CFA3B9-87DD-403D-A5C3-0FC68C390AEB}.Release|Any CPU.Build.0 = Release|Any CPU
	EndGlobalSection
	GlobalSection(SolutionProperties) = preSolution
		HideSolutionNode = FALSE
	EndGlobalSection
	GlobalSection(ExtensibilityGlobals) = postSolution
		SolutionGuid = {6D20AC07-1CBB-40FF-A182-222197009293}
	EndGlobalSection
EndGlobal
